PODS:
  - Alamofire (4.7.1)
  - AlamofireImage (3.3.1):
    - Alamofire (~> 4.5)
  - GCDKit (2.1.0)
  - Mockingjay (2.0.1):
    - Mockingjay/Core (= 2.0.1)
    - Mockingjay/XCTest (= 2.0.1)
  - Mockingjay/Core (2.0.1):
    - URITemplate (~> 2.0)
  - Mockingjay/XCTest (2.0.1):
    - Mockingjay/Core
  - Nimble (7.1.0)
  - Quick (1.2.0)
  - SimpleAlert (3.0.0)
  - SwiftHEXColors (1.1.1)
  - SwiftSpinner (1.5.0)
  - SwiftyJSON (4.0.0)
  - URITemplate (2.0.3)

DEPENDENCIES:
  - Alamofire
  - AlamofireImage
  - GCDKit
  - Mockingjay
  - Nimble
  - Quick
  - SimpleAlert
  - SwiftHEXColors
  - SwiftSpinner
  - SwiftyJSON

SPEC CHECKSUMS:
  Alamofire: 68d7d521118d49c615a8d2214d87cdf525599d30
  AlamofireImage: 3b35b586853abaf94ca1250f4e94cff3c21a4c0d
  GCDKit: 321b439175c22e31fffb58dfc20078bf58ba4c60
  Mockingjay: 11a621880d2887f1775bdcf824341eb68f218450
  Nimble: 9c6651c3021af6de54c3ed90a4a0a87d548f7359
  Quick: 58d203b1c5e27fff7229c4c1ae445ad7069a7a08
  SimpleAlert: 7265c3006749c680627545b61ac37d9ab1ab0be6
  SwiftHEXColors: 9681e756dc78a99ae97f277165b3f5e33b087553
  SwiftSpinner: 4c058c7a1d6b444dd2e1d70988ead40783097133
  SwiftyJSON: 070dabdcb1beb81b247c65ffa3a79dbbfb3b48aa
  URITemplate: ace0c4c46dcf8afe6e89b4060621852886b15c3b

PODFILE CHECKSUM: 8832703b67ae93a8402d1b53edddb22a0c2d494a

COCOAPODS: 1.4.0
