// !$*UTF8*$!
{
	archiveVersion = 1;
	classes = {
	};
	objectVersion = 50;
	objects = {

/* Begin PBXBuildFile section */
		5C90AC4EAA5E58E49610D3E9 /* Pods_cinemov.framework in Frameworks */ = {isa = PBXBuildFile; fileRef = 95EFE57491FA50EF5885919D /* Pods_cinemov.framework */; };
		98619E1C4FA8C4130864F31F /* Pods_cinemovTests.framework in Frameworks */ = {isa = PBXBuildFile; fileRef = 1012B0A14CBEBBA56F8798C0 /* Pods_cinemovTests.framework */; };
		A753A32120F4EDC9000F6401 /* AppDelegate.swift in Sources */ = {isa = PBXBuildFile; fileRef = A753A32020F4EDC9000F6401 /* AppDelegate.swift */; };
		A753A32620F4EDC9000F6401 /* Main.storyboard in Resources */ = {isa = PBXBuildFile; fileRef = A753A32420F4EDC9000F6401 /* Main.storyboard */; };
		A753A32820F4EDCD000F6401 /* Assets.xcassets in Resources */ = {isa = PBXBuildFile; fileRef = A753A32720F4EDCD000F6401 /* Assets.xcassets */; };
		A753A32B20F4EDCD000F6401 /* LaunchScreen.storyboard in Resources */ = {isa = PBXBuildFile; fileRef = A753A32920F4EDCD000F6401 /* LaunchScreen.storyboard */; };
		A753A34120F4EDCD000F6401 /* cinemovUITests.swift in Sources */ = {isa = PBXBuildFile; fileRef = A753A34020F4EDCD000F6401 /* cinemovUITests.swift */; };
		A753A35020F4F0EB000F6401 /* MovieListViewController.swift in Sources */ = {isa = PBXBuildFile; fileRef = A753A34F20F4F0EB000F6401 /* MovieListViewController.swift */; };
		A753A35220F4F187000F6401 /* MovieListCollectionViewCell.swift in Sources */ = {isa = PBXBuildFile; fileRef = A753A35120F4F187000F6401 /* MovieListCollectionViewCell.swift */; };
		A753A35520F4F23C000F6401 /* NetworkManager.swift in Sources */ = {isa = PBXBuildFile; fileRef = A753A35420F4F23C000F6401 /* NetworkManager.swift */; };
		A753A35720F4FD55000F6401 /* Utilities.swift in Sources */ = {isa = PBXBuildFile; fileRef = A753A35620F4FD55000F6401 /* Utilities.swift */; };
		A753A35920F517CF000F6401 /* CustomImageFlowLayout.swift in Sources */ = {isa = PBXBuildFile; fileRef = A753A35820F517CE000F6401 /* CustomImageFlowLayout.swift */; };
		A753A35C20F538DB000F6401 /* MovieDetailViewController.swift in Sources */ = {isa = PBXBuildFile; fileRef = A753A35B20F538DB000F6401 /* MovieDetailViewController.swift */; };
		A753A35E20F53900000F6401 /* TitleTableViewCell.swift in Sources */ = {isa = PBXBuildFile; fileRef = A753A35D20F53900000F6401 /* TitleTableViewCell.swift */; };
		A753A36020F53915000F6401 /* DescriptionTableViewCell.swift in Sources */ = {isa = PBXBuildFile; fileRef = A753A35F20F53915000F6401 /* DescriptionTableViewCell.swift */; };
		A753A36220F53927000F6401 /* SimilarTableViewCell.swift in Sources */ = {isa = PBXBuildFile; fileRef = A753A36120F53927000F6401 /* SimilarTableViewCell.swift */; };
		A753A36420F5393B000F6401 /* SimilarCollectionViewCell.swift in Sources */ = {isa = PBXBuildFile; fileRef = A753A36320F5393B000F6401 /* SimilarCollectionViewCell.swift */; };
		A753A36620F557E3000F6401 /* SimilarMovieFlowLayout.swift in Sources */ = {isa = PBXBuildFile; fileRef = A753A36520F557E3000F6401 /* SimilarMovieFlowLayout.swift */; };
		A753A36820F55F8D000F6401 /* Movies.swift in Sources */ = {isa = PBXBuildFile; fileRef = A753A36720F55F8D000F6401 /* Movies.swift */; };
		A7CF5EC720F59FDD0037A2F4 /* NetworkManagerTests.swift in Sources */ = {isa = PBXBuildFile; fileRef = A7CF5EC620F59FDD0037A2F4 /* NetworkManagerTests.swift */; };
/* End PBXBuildFile section */

/* Begin PBXContainerItemProxy section */
		A753A33220F4EDCD000F6401 /* PBXContainerItemProxy */ = {
			isa = PBXContainerItemProxy;
			containerPortal = A753A31520F4EDC9000F6401 /* Project object */;
			proxyType = 1;
			remoteGlobalIDString = A753A31C20F4EDC9000F6401;
			remoteInfo = cinemov;
		};
		A753A33D20F4EDCD000F6401 /* PBXContainerItemProxy */ = {
			isa = PBXContainerItemProxy;
			containerPortal = A753A31520F4EDC9000F6401 /* Project object */;
			proxyType = 1;
			remoteGlobalIDString = A753A31C20F4EDC9000F6401;
			remoteInfo = cinemov;
		};
/* End PBXContainerItemProxy section */

/* Begin PBXFileReference section */
		1012B0A14CBEBBA56F8798C0 /* Pods_cinemovTests.framework */ = {isa = PBXFileReference; explicitFileType = wrapper.framework; includeInIndex = 0; path = Pods_cinemovTests.framework; sourceTree = BUILT_PRODUCTS_DIR; };
		1B69910C4913120725CCFBA6 /* Pods-cinemov.release.xcconfig */ = {isa = PBXFileReference; includeInIndex = 1; lastKnownFileType = text.xcconfig; name = "Pods-cinemov.release.xcconfig"; path = "Pods/Target Support Files/Pods-cinemov/Pods-cinemov.release.xcconfig"; sourceTree = "<group>"; };
		1D0E1017075FD75B7AF2160A /* Pods-cinemov.debug.xcconfig */ = {isa = PBXFileReference; includeInIndex = 1; lastKnownFileType = text.xcconfig; name = "Pods-cinemov.debug.xcconfig"; path = "Pods/Target Support Files/Pods-cinemov/Pods-cinemov.debug.xcconfig"; sourceTree = "<group>"; };
		45B821257BA5F05BC9EB3495 /* Pods-cinemovTests.release.xcconfig */ = {isa = PBXFileReference; includeInIndex = 1; lastKnownFileType = text.xcconfig; name = "Pods-cinemovTests.release.xcconfig"; path = "Pods/Target Support Files/Pods-cinemovTests/Pods-cinemovTests.release.xcconfig"; sourceTree = "<group>"; };
		95EFE57491FA50EF5885919D /* Pods_cinemov.framework */ = {isa = PBXFileReference; explicitFileType = wrapper.framework; includeInIndex = 0; path = Pods_cinemov.framework; sourceTree = BUILT_PRODUCTS_DIR; };
		A753A31D20F4EDC9000F6401 /* cinemov.app */ = {isa = PBXFileReference; explicitFileType = wrapper.application; includeInIndex = 0; path = cinemov.app; sourceTree = BUILT_PRODUCTS_DIR; };
		A753A32020F4EDC9000F6401 /* AppDelegate.swift */ = {isa = PBXFileReference; lastKnownFileType = sourcecode.swift; path = AppDelegate.swift; sourceTree = "<group>"; };
		A753A32520F4EDC9000F6401 /* Base */ = {isa = PBXFileReference; lastKnownFileType = file.storyboard; name = Base; path = Base.lproj/Main.storyboard; sourceTree = "<group>"; };
		A753A32720F4EDCD000F6401 /* Assets.xcassets */ = {isa = PBXFileReference; lastKnownFileType = folder.assetcatalog; path = Assets.xcassets; sourceTree = "<group>"; };
		A753A32A20F4EDCD000F6401 /* Base */ = {isa = PBXFileReference; lastKnownFileType = file.storyboard; name = Base; path = Base.lproj/LaunchScreen.storyboard; sourceTree = "<group>"; };
		A753A32C20F4EDCD000F6401 /* Info.plist */ = {isa = PBXFileReference; lastKnownFileType = text.plist.xml; path = Info.plist; sourceTree = "<group>"; };
		A753A33120F4EDCD000F6401 /* cinemovTests.xctest */ = {isa = PBXFileReference; explicitFileType = wrapper.cfbundle; includeInIndex = 0; path = cinemovTests.xctest; sourceTree = BUILT_PRODUCTS_DIR; };
		A753A33720F4EDCD000F6401 /* Info.plist */ = {isa = PBXFileReference; lastKnownFileType = text.plist.xml; path = Info.plist; sourceTree = "<group>"; };
		A753A33C20F4EDCD000F6401 /* cinemovUITests.xctest */ = {isa = PBXFileReference; explicitFileType = wrapper.cfbundle; includeInIndex = 0; path = cinemovUITests.xctest; sourceTree = BUILT_PRODUCTS_DIR; };
		A753A34020F4EDCD000F6401 /* cinemovUITests.swift */ = {isa = PBXFileReference; lastKnownFileType = sourcecode.swift; path = cinemovUITests.swift; sourceTree = "<group>"; };
		A753A34220F4EDCD000F6401 /* Info.plist */ = {isa = PBXFileReference; lastKnownFileType = text.plist.xml; path = Info.plist; sourceTree = "<group>"; };
		A753A34F20F4F0EB000F6401 /* MovieListViewController.swift */ = {isa = PBXFileReference; lastKnownFileType = sourcecode.swift; path = MovieListViewController.swift; sourceTree = "<group>"; };
		A753A35120F4F187000F6401 /* MovieListCollectionViewCell.swift */ = {isa = PBXFileReference; lastKnownFileType = sourcecode.swift; path = MovieListCollectionViewCell.swift; sourceTree = "<group>"; };
		A753A35420F4F23C000F6401 /* NetworkManager.swift */ = {isa = PBXFileReference; lastKnownFileType = sourcecode.swift; path = NetworkManager.swift; sourceTree = "<group>"; };
		A753A35620F4FD55000F6401 /* Utilities.swift */ = {isa = PBXFileReference; fileEncoding = 4; lastKnownFileType = sourcecode.swift; path = Utilities.swift; sourceTree = "<group>"; };
		A753A35820F517CE000F6401 /* CustomImageFlowLayout.swift */ = {isa = PBXFileReference; fileEncoding = 4; lastKnownFileType = sourcecode.swift; path = CustomImageFlowLayout.swift; sourceTree = "<group>"; };
		A753A35B20F538DB000F6401 /* MovieDetailViewController.swift */ = {isa = PBXFileReference; lastKnownFileType = sourcecode.swift; path = MovieDetailViewController.swift; sourceTree = "<group>"; };
		A753A35D20F53900000F6401 /* TitleTableViewCell.swift */ = {isa = PBXFileReference; lastKnownFileType = sourcecode.swift; path = TitleTableViewCell.swift; sourceTree = "<group>"; };
		A753A35F20F53915000F6401 /* DescriptionTableViewCell.swift */ = {isa = PBXFileReference; lastKnownFileType = sourcecode.swift; path = DescriptionTableViewCell.swift; sourceTree = "<group>"; };
		A753A36120F53927000F6401 /* SimilarTableViewCell.swift */ = {isa = PBXFileReference; lastKnownFileType = sourcecode.swift; path = SimilarTableViewCell.swift; sourceTree = "<group>"; };
		A753A36320F5393B000F6401 /* SimilarCollectionViewCell.swift */ = {isa = PBXFileReference; lastKnownFileType = sourcecode.swift; path = SimilarCollectionViewCell.swift; sourceTree = "<group>"; };
		A753A36520F557E3000F6401 /* SimilarMovieFlowLayout.swift */ = {isa = PBXFileReference; lastKnownFileType = sourcecode.swift; path = SimilarMovieFlowLayout.swift; sourceTree = "<group>"; };
		A753A36720F55F8D000F6401 /* Movies.swift */ = {isa = PBXFileReference; lastKnownFileType = sourcecode.swift; path = Movies.swift; sourceTree = "<group>"; };
		A7CF5EC620F59FDD0037A2F4 /* NetworkManagerTests.swift */ = {isa = PBXFileReference; lastKnownFileType = sourcecode.swift; path = NetworkManagerTests.swift; sourceTree = "<group>"; };
		BEA5AAD7B9EE63C95C75BA90 /* Pods-cinemovTests.debug.xcconfig */ = {isa = PBXFileReference; includeInIndex = 1; lastKnownFileType = text.xcconfig; name = "Pods-cinemovTests.debug.xcconfig"; path = "Pods/Target Support Files/Pods-cinemovTests/Pods-cinemovTests.debug.xcconfig"; sourceTree = "<group>"; };
/* End PBXFileReference section */

/* Begin PBXFrameworksBuildPhase section */
		A753A31A20F4EDC9000F6401 /* Frameworks */ = {
			isa = PBXFrameworksBuildPhase;
			buildActionMask = 2147483647;
			files = (
				5C90AC4EAA5E58E49610D3E9 /* Pods_cinemov.framework in Frameworks */,
			);
			runOnlyForDeploymentPostprocessing = 0;
		};
		A753A32E20F4EDCD000F6401 /* Frameworks */ = {
			isa = PBXFrameworksBuildPhase;
			buildActionMask = 2147483647;
			files = (
				98619E1C4FA8C4130864F31F /* Pods_cinemovTests.framework in Frameworks */,
			);
			runOnlyForDeploymentPostprocessing = 0;
		};
		A753A33920F4EDCD000F6401 /* Frameworks */ = {
			isa = PBXFrameworksBuildPhase;
			buildActionMask = 2147483647;
			files = (
			);
			runOnlyForDeploymentPostprocessing = 0;
		};
/* End PBXFrameworksBuildPhase section */

/* Begin PBXGroup section */
		219CAABD13B45614834DE4E1 /* Frameworks */ = {
			isa = PBXGroup;
			children = (
				95EFE57491FA50EF5885919D /* Pods_cinemov.framework */,
				1012B0A14CBEBBA56F8798C0 /* Pods_cinemovTests.framework */,
			);
			name = Frameworks;
			sourceTree = "<group>";
		};
		A753A31420F4EDC9000F6401 = {
			isa = PBXGroup;
			children = (
				A753A31F20F4EDC9000F6401 /* cinemov */,
				A753A33420F4EDCD000F6401 /* cinemovTests */,
				A753A33F20F4EDCD000F6401 /* cinemovUITests */,
				A753A31E20F4EDC9000F6401 /* Products */,
				BC8250B22419B182BBD86D40 /* Pods */,
				219CAABD13B45614834DE4E1 /* Frameworks */,
			);
			sourceTree = "<group>";
		};
		A753A31E20F4EDC9000F6401 /* Products */ = {
			isa = PBXGroup;
			children = (
				A753A31D20F4EDC9000F6401 /* cinemov.app */,
				A753A33120F4EDCD000F6401 /* cinemovTests.xctest */,
				A753A33C20F4EDCD000F6401 /* cinemovUITests.xctest */,
			);
			name = Products;
			sourceTree = "<group>";
		};
		A753A31F20F4EDC9000F6401 /* cinemov */ = {
			isa = PBXGroup;
			children = (
				A753A35A20F53863000F6401 /* Movie Details */,
				A753A35320F4F219000F6401 /* Global */,
				A753A34E20F4EDDB000F6401 /* Movie List */,
				A753A32020F4EDC9000F6401 /* AppDelegate.swift */,
				A753A32420F4EDC9000F6401 /* Main.storyboard */,
				A753A32720F4EDCD000F6401 /* Assets.xcassets */,
				A753A32920F4EDCD000F6401 /* LaunchScreen.storyboard */,
				A753A32C20F4EDCD000F6401 /* Info.plist */,
				A753A36720F55F8D000F6401 /* Movies.swift */,
			);
			path = cinemov;
			sourceTree = "<group>";
		};
		A753A33420F4EDCD000F6401 /* cinemovTests */ = {
			isa = PBXGroup;
			children = (
				A753A33720F4EDCD000F6401 /* Info.plist */,
				A7CF5EC620F59FDD0037A2F4 /* NetworkManagerTests.swift */,
			);
			path = cinemovTests;
			sourceTree = "<group>";
		};
		A753A33F20F4EDCD000F6401 /* cinemovUITests */ = {
			isa = PBXGroup;
			children = (
				A753A34020F4EDCD000F6401 /* cinemovUITests.swift */,
				A753A34220F4EDCD000F6401 /* Info.plist */,
			);
			path = cinemovUITests;
			sourceTree = "<group>";
		};
		A753A34E20F4EDDB000F6401 /* Movie List */ = {
			isa = PBXGroup;
			children = (
				A753A35820F517CE000F6401 /* CustomImageFlowLayout.swift */,
				A753A34F20F4F0EB000F6401 /* MovieListViewController.swift */,
				A753A35120F4F187000F6401 /* MovieListCollectionViewCell.swift */,
			);
			path = "Movie List";
			sourceTree = "<group>";
		};
		A753A35320F4F219000F6401 /* Global */ = {
			isa = PBXGroup;
			children = (
				A753A35620F4FD55000F6401 /* Utilities.swift */,
				A753A35420F4F23C000F6401 /* NetworkManager.swift */,
			);
			path = Global;
			sourceTree = "<group>";
		};
		A753A35A20F53863000F6401 /* Movie Details */ = {
			isa = PBXGroup;
			children = (
				A753A35B20F538DB000F6401 /* MovieDetailViewController.swift */,
				A753A35D20F53900000F6401 /* TitleTableViewCell.swift */,
				A753A35F20F53915000F6401 /* DescriptionTableViewCell.swift */,
				A753A36120F53927000F6401 /* SimilarTableViewCell.swift */,
				A753A36320F5393B000F6401 /* SimilarCollectionViewCell.swift */,
				A753A36520F557E3000F6401 /* SimilarMovieFlowLayout.swift */,
			);
			path = "Movie Details";
			sourceTree = "<group>";
		};
		BC8250B22419B182BBD86D40 /* Pods */ = {
			isa = PBXGroup;
			children = (
				1D0E1017075FD75B7AF2160A /* Pods-cinemov.debug.xcconfig */,
				1B69910C4913120725CCFBA6 /* Pods-cinemov.release.xcconfig */,
				BEA5AAD7B9EE63C95C75BA90 /* Pods-cinemovTests.debug.xcconfig */,
				45B821257BA5F05BC9EB3495 /* Pods-cinemovTests.release.xcconfig */,
			);
			name = Pods;
			sourceTree = "<group>";
		};
/* End PBXGroup section */

/* Begin PBXNativeTarget section */
		A753A31C20F4EDC9000F6401 /* cinemov */ = {
			isa = PBXNativeTarget;
			buildConfigurationList = A753A34520F4EDCD000F6401 /* Build configuration list for PBXNativeTarget "cinemov" */;
			buildPhases = (
				9C5509C51E582BA7BB5365F4 /* [CP] Check Pods Manifest.lock */,
				A753A31920F4EDC9000F6401 /* Sources */,
				A753A31A20F4EDC9000F6401 /* Frameworks */,
				A753A31B20F4EDC9000F6401 /* Resources */,
				169FE6FF1D1159E8A5CEC345 /* [CP] Embed Pods Frameworks */,
				59FFF17CF3CB12AA826BBF33 /* [CP] Copy Pods Resources */,
			);
			buildRules = (
			);
			dependencies = (
			);
			name = cinemov;
			productName = cinemov;
			productReference = A753A31D20F4EDC9000F6401 /* cinemov.app */;
			productType = "com.apple.product-type.application";
		};
		A753A33020F4EDCD000F6401 /* cinemovTests */ = {
			isa = PBXNativeTarget;
			buildConfigurationList = A753A34820F4EDCD000F6401 /* Build configuration list for PBXNativeTarget "cinemovTests" */;
			buildPhases = (
				1D86729B9676FDB12E6022A3 /* [CP] Check Pods Manifest.lock */,
				A753A32D20F4EDCD000F6401 /* Sources */,
				A753A32E20F4EDCD000F6401 /* Frameworks */,
				A753A32F20F4EDCD000F6401 /* Resources */,
				9BC0D5772AD0596BACE7F8E8 /* [CP] Embed Pods Frameworks */,
				2D4CD43843CC189BC47E316D /* [CP] Copy Pods Resources */,
			);
			buildRules = (
			);
			dependencies = (
				A753A33320F4EDCD000F6401 /* PBXTargetDependency */,
			);
			name = cinemovTests;
			productName = cinemovTests;
			productReference = A753A33120F4EDCD000F6401 /* cinemovTests.xctest */;
			productType = "com.apple.product-type.bundle.unit-test";
		};
		A753A33B20F4EDCD000F6401 /* cinemovUITests */ = {
			isa = PBXNativeTarget;
			buildConfigurationList = A753A34B20F4EDCD000F6401 /* Build configuration list for PBXNativeTarget "cinemovUITests" */;
			buildPhases = (
				A753A33820F4EDCD000F6401 /* Sources */,
				A753A33920F4EDCD000F6401 /* Frameworks */,
				A753A33A20F4EDCD000F6401 /* Resources */,
			);
			buildRules = (
			);
			dependencies = (
				A753A33E20F4EDCD000F6401 /* PBXTargetDependency */,
			);
			name = cinemovUITests;
			productName = cinemovUITests;
			productReference = A753A33C20F4EDCD000F6401 /* cinemovUITests.xctest */;
			productType = "com.apple.product-type.bundle.ui-testing";
		};
/* End PBXNativeTarget section */

/* Begin PBXProject section */
		A753A31520F4EDC9000F6401 /* Project object */ = {
			isa = PBXProject;
			attributes = {
				LastSwiftUpdateCheck = 0940;
				LastUpgradeCheck = 0940;
				ORGANIZATIONNAME = "Annisa Sofia Noviantina";
				TargetAttributes = {
					A753A31C20F4EDC9000F6401 = {
						CreatedOnToolsVersion = 9.4;
					};
					A753A33020F4EDCD000F6401 = {
						CreatedOnToolsVersion = 9.4;
						TestTargetID = A753A31C20F4EDC9000F6401;
					};
					A753A33B20F4EDCD000F6401 = {
						CreatedOnToolsVersion = 9.4;
						TestTargetID = A753A31C20F4EDC9000F6401;
					};
				};
			};
			buildConfigurationList = A753A31820F4EDC9000F6401 /* Build configuration list for PBXProject "cinemov" */;
			compatibilityVersion = "Xcode 9.3";
			developmentRegion = en;
			hasScannedForEncodings = 0;
			knownRegions = (
				en,
				Base,
			);
			mainGroup = A753A31420F4EDC9000F6401;
			productRefGroup = A753A31E20F4EDC9000F6401 /* Products */;
			projectDirPath = "";
			projectRoot = "";
			targets = (
				A753A31C20F4EDC9000F6401 /* cinemov */,
				A753A33020F4EDCD000F6401 /* cinemovTests */,
				A753A33B20F4EDCD000F6401 /* cinemovUITests */,
			);
		};
/* End PBXProject section */

/* Begin PBXResourcesBuildPhase section */
		A753A31B20F4EDC9000F6401 /* Resources */ = {
			isa = PBXResourcesBuildPhase;
			buildActionMask = 2147483647;
			files = (
				A753A32B20F4EDCD000F6401 /* LaunchScreen.storyboard in Resources */,
				A753A32820F4EDCD000F6401 /* Assets.xcassets in Resources */,
				A753A32620F4EDC9000F6401 /* Main.storyboard in Resources */,
			);
			runOnlyForDeploymentPostprocessing = 0;
		};
		A753A32F20F4EDCD000F6401 /* Resources */ = {
			isa = PBXResourcesBuildPhase;
			buildActionMask = 2147483647;
			files = (
			);
			runOnlyForDeploymentPostprocessing = 0;
		};
		A753A33A20F4EDCD000F6401 /* Resources */ = {
			isa = PBXResourcesBuildPhase;
			buildActionMask = 2147483647;
			files = (
			);
			runOnlyForDeploymentPostprocessing = 0;
		};
/* End PBXResourcesBuildPhase section */

/* Begin PBXShellScriptBuildPhase section */
		169FE6FF1D1159E8A5CEC345 /* [CP] Embed Pods Frameworks */ = {
			isa = PBXShellScriptBuildPhase;
			buildActionMask = 2147483647;
			files = (
			);
			inputPaths = (
				"${SRCROOT}/Pods/Target Support Files/Pods-cinemov/Pods-cinemov-frameworks.sh",
				"${BUILT_PRODUCTS_DIR}/Alamofire/Alamofire.framework",
				"${BUILT_PRODUCTS_DIR}/AlamofireImage/AlamofireImage.framework",
				"${BUILT_PRODUCTS_DIR}/GCDKit/GCDKit.framework",
				"${BUILT_PRODUCTS_DIR}/SimpleAlert/SimpleAlert.framework",
				"${BUILT_PRODUCTS_DIR}/SwiftHEXColors/SwiftHEXColors.framework",
				"${BUILT_PRODUCTS_DIR}/SwiftSpinner/SwiftSpinner.framework",
				"${BUILT_PRODUCTS_DIR}/SwiftyJSON/SwiftyJSON.framework",
			);
			name = "[CP] Embed Pods Frameworks";
			outputPaths = (
				"${TARGET_BUILD_DIR}/${FRAMEWORKS_FOLDER_PATH}/Alamofire.framework",
				"${TARGET_BUILD_DIR}/${FRAMEWORKS_FOLDER_PATH}/AlamofireImage.framework",
				"${TARGET_BUILD_DIR}/${FRAMEWORKS_FOLDER_PATH}/GCDKit.framework",
				"${TARGET_BUILD_DIR}/${FRAMEWORKS_FOLDER_PATH}/SimpleAlert.framework",
				"${TARGET_BUILD_DIR}/${FRAMEWORKS_FOLDER_PATH}/SwiftHEXColors.framework",
				"${TARGET_BUILD_DIR}/${FRAMEWORKS_FOLDER_PATH}/SwiftSpinner.framework",
				"${TARGET_BUILD_DIR}/${FRAMEWORKS_FOLDER_PATH}/SwiftyJSON.framework",
			);
			runOnlyForDeploymentPostprocessing = 0;
			shellPath = /bin/sh;
			shellScript = "\"${SRCROOT}/Pods/Target Support Files/Pods-cinemov/Pods-cinemov-frameworks.sh\"\n";
			showEnvVarsInLog = 0;
		};
		1D86729B9676FDB12E6022A3 /* [CP] Check Pods Manifest.lock */ = {
			isa = PBXShellScriptBuildPhase;
			buildActionMask = 2147483647;
			files = (
			);
			inputPaths = (
				"${PODS_PODFILE_DIR_PATH}/Podfile.lock",
				"${PODS_ROOT}/Manifest.lock",
			);
			name = "[CP] Check Pods Manifest.lock";
			outputPaths = (
				"$(DERIVED_FILE_DIR)/Pods-cinemovTests-checkManifestLockResult.txt",
			);
			runOnlyForDeploymentPostprocessing = 0;
			shellPath = /bin/sh;
			shellScript = "diff \"${PODS_PODFILE_DIR_PATH}/Podfile.lock\" \"${PODS_ROOT}/Manifest.lock\" > /dev/null\nif [ $? != 0 ] ; then\n    # print error to STDERR\n    echo \"error: The sandbox is not in sync with the Podfile.lock. Run 'pod install' or update your CocoaPods installation.\" >&2\n    exit 1\nfi\n# This output is used by Xcode 'outputs' to avoid re-running this script phase.\necho \"SUCCESS\" > \"${SCRIPT_OUTPUT_FILE_0}\"\n";
			showEnvVarsInLog = 0;
		};
		2D4CD43843CC189BC47E316D /* [CP] Copy Pods Resources */ = {
			isa = PBXShellScriptBuildPhase;
			buildActionMask = 2147483647;
			files = (
			);
			inputPaths = (
			);
			name = "[CP] Copy Pods Resources";
			outputPaths = (
			);
			runOnlyForDeploymentPostprocessing = 0;
			shellPath = /bin/sh;
			shellScript = "\"${SRCROOT}/Pods/Target Support Files/Pods-cinemovTests/Pods-cinemovTests-resources.sh\"\n";
			showEnvVarsInLog = 0;
		};
		59FFF17CF3CB12AA826BBF33 /* [CP] Copy Pods Resources */ = {
			isa = PBXShellScriptBuildPhase;
			buildActionMask = 2147483647;
			files = (
			);
			inputPaths = (
			);
			name = "[CP] Copy Pods Resources";
			outputPaths = (
			);
			runOnlyForDeploymentPostprocessing = 0;
			shellPath = /bin/sh;
			shellScript = "\"${SRCROOT}/Pods/Target Support Files/Pods-cinemov/Pods-cinemov-resources.sh\"\n";
			showEnvVarsInLog = 0;
		};
		9BC0D5772AD0596BACE7F8E8 /* [CP] Embed Pods Frameworks */ = {
			isa = PBXShellScriptBuildPhase;
			buildActionMask = 2147483647;
			files = (
			);
			inputPaths = (
				"${SRCROOT}/Pods/Target Support Files/Pods-cinemovTests/Pods-cinemovTests-frameworks.sh",
				"${BUILT_PRODUCTS_DIR}/Mockingjay/Mockingjay.framework",
				"${BUILT_PRODUCTS_DIR}/Nimble/Nimble.framework",
				"${BUILT_PRODUCTS_DIR}/Quick/Quick.framework",
				"${BUILT_PRODUCTS_DIR}/URITemplate/URITemplate.framework",
			);
			name = "[CP] Embed Pods Frameworks";
			outputPaths = (
				"${TARGET_BUILD_DIR}/${FRAMEWORKS_FOLDER_PATH}/Mockingjay.framework",
				"${TARGET_BUILD_DIR}/${FRAMEWORKS_FOLDER_PATH}/Nimble.framework",
				"${TARGET_BUILD_DIR}/${FRAMEWORKS_FOLDER_PATH}/Quick.framework",
				"${TARGET_BUILD_DIR}/${FRAMEWORKS_FOLDER_PATH}/URITemplate.framework",
			);
			runOnlyForDeploymentPostprocessing = 0;
			shellPath = /bin/sh;
			shellScript = "\"${SRCROOT}/Pods/Target Support Files/Pods-cinemovTests/Pods-cinemovTests-frameworks.sh\"\n";
			showEnvVarsInLog = 0;
		};
		9C5509C51E582BA7BB5365F4 /* [CP] Check Pods Manifest.lock */ = {
			isa = PBXShellScriptBuildPhase;
			buildActionMask = 2147483647;
			files = (
			);
			inputPaths = (
				"${PODS_PODFILE_DIR_PATH}/Podfile.lock",
				"${PODS_ROOT}/Manifest.lock",
			);
			name = "[CP] Check Pods Manifest.lock";
			outputPaths = (
				"$(DERIVED_FILE_DIR)/Pods-cinemov-checkManifestLockResult.txt",
			);
			runOnlyForDeploymentPostprocessing = 0;
			shellPath = /bin/sh;
			shellScript = "diff \"${PODS_PODFILE_DIR_PATH}/Podfile.lock\" \"${PODS_ROOT}/Manifest.lock\" > /dev/null\nif [ $? != 0 ] ; then\n    # print error to STDERR\n    echo \"error: The sandbox is not in sync with the Podfile.lock. Run 'pod install' or update your CocoaPods installation.\" >&2\n    exit 1\nfi\n# This output is used by Xcode 'outputs' to avoid re-running this script phase.\necho \"SUCCESS\" > \"${SCRIPT_OUTPUT_FILE_0}\"\n";
			showEnvVarsInLog = 0;
		};
/* End PBXShellScriptBuildPhase section */

/* Begin PBXSourcesBuildPhase section */
		A753A31920F4EDC9000F6401 /* Sources */ = {
			isa = PBXSourcesBuildPhase;
			buildActionMask = 2147483647;
			files = (
				A753A35E20F53900000F6401 /* TitleTableViewCell.swift in Sources */,
				A753A36220F53927000F6401 /* SimilarTableViewCell.swift in Sources */,
				A753A36620F557E3000F6401 /* SimilarMovieFlowLayout.swift in Sources */,
				A753A35920F517CF000F6401 /* CustomImageFlowLayout.swift in Sources */,
				A753A35520F4F23C000F6401 /* NetworkManager.swift in Sources */,
				A753A36420F5393B000F6401 /* SimilarCollectionViewCell.swift in Sources */,
				A753A35020F4F0EB000F6401 /* MovieListViewController.swift in Sources */,
				A753A35220F4F187000F6401 /* MovieListCollectionViewCell.swift in Sources */,
				A753A35C20F538DB000F6401 /* MovieDetailViewController.swift in Sources */,
				A753A35720F4FD55000F6401 /* Utilities.swift in Sources */,
				A753A36820F55F8D000F6401 /* Movies.swift in Sources */,
				A753A36020F53915000F6401 /* DescriptionTableViewCell.swift in Sources */,
				A753A32120F4EDC9000F6401 /* AppDelegate.swift in Sources */,
			);
			runOnlyForDeploymentPostprocessing = 0;
		};
		A753A32D20F4EDCD000F6401 /* Sources */ = {
			isa = PBXSourcesBuildPhase;
			buildActionMask = 2147483647;
			files = (
				A7CF5EC720F59FDD0037A2F4 /* NetworkManagerTests.swift in Sources */,
			);
			runOnlyForDeploymentPostprocessing = 0;
		};
		A753A33820F4EDCD000F6401 /* Sources */ = {
			isa = PBXSourcesBuildPhase;
			buildActionMask = 2147483647;
			files = (
				A753A34120F4EDCD000F6401 /* cinemovUITests.swift in Sources */,
			);
			runOnlyForDeploymentPostprocessing = 0;
		};
/* End PBXSourcesBuildPhase section */

/* Begin PBXTargetDependency section */
		A753A33320F4EDCD000F6401 /* PBXTargetDependency */ = {
			isa = PBXTargetDependency;
			target = A753A31C20F4EDC9000F6401 /* cinemov */;
			targetProxy = A753A33220F4EDCD000F6401 /* PBXContainerItemProxy */;
		};
		A753A33E20F4EDCD000F6401 /* PBXTargetDependency */ = {
			isa = PBXTargetDependency;
			target = A753A31C20F4EDC9000F6401 /* cinemov */;
			targetProxy = A753A33D20F4EDCD000F6401 /* PBXContainerItemProxy */;
		};
/* End PBXTargetDependency section */

/* Begin PBXVariantGroup section */
		A753A32420F4EDC9000F6401 /* Main.storyboard */ = {
			isa = PBXVariantGroup;
			children = (
				A753A32520F4EDC9000F6401 /* Base */,
			);
			name = Main.storyboard;
			sourceTree = "<group>";
		};
		A753A32920F4EDCD000F6401 /* LaunchScreen.storyboard */ = {
			isa = PBXVariantGroup;
			children = (
				A753A32A20F4EDCD000F6401 /* Base */,
			);
			name = LaunchScreen.storyboard;
			sourceTree = "<group>";
		};
/* End PBXVariantGroup section */

/* Begin XCBuildConfiguration section */
		A753A34320F4EDCD000F6401 /* Debug */ = {
			isa = XCBuildConfiguration;
			buildSettings = {
				ALWAYS_SEARCH_USER_PATHS = NO;
				CLANG_ANALYZER_NONNULL = YES;
				CLANG_ANALYZER_NUMBER_OBJECT_CONVERSION = YES_AGGRESSIVE;
				CLANG_CXX_LANGUAGE_STANDARD = "gnu++14";
				CLANG_CXX_LIBRARY = "libc++";
				CLANG_ENABLE_MODULES = YES;
				CLANG_ENABLE_OBJC_ARC = YES;
				CLANG_ENABLE_OBJC_WEAK = YES;
				CLANG_WARN_BLOCK_CAPTURE_AUTORELEASING = YES;
				CLANG_WARN_BOOL_CONVERSION = YES;
				CLANG_WARN_COMMA = YES;
				CLANG_WARN_CONSTANT_CONVERSION = YES;
				CLANG_WARN_DEPRECATED_OBJC_IMPLEMENTATIONS = YES;
				CLANG_WARN_DIRECT_OBJC_ISA_USAGE = YES_ERROR;
				CLANG_WARN_DOCUMENTATION_COMMENTS = YES;
				CLANG_WARN_EMPTY_BODY = YES;
				CLANG_WARN_ENUM_CONVERSION = YES;
				CLANG_WARN_INFINITE_RECURSION = YES;
				CLANG_WARN_INT_CONVERSION = YES;
				CLANG_WARN_NON_LITERAL_NULL_CONVERSION = YES;
				CLANG_WARN_OBJC_IMPLICIT_RETAIN_SELF = YES;
				CLANG_WARN_OBJC_LITERAL_CONVERSION = YES;
				CLANG_WARN_OBJC_ROOT_CLASS = YES_ERROR;
				CLANG_WARN_RANGE_LOOP_ANALYSIS = YES;
				CLANG_WARN_STRICT_PROTOTYPES = YES;
				CLANG_WARN_SUSPICIOUS_MOVE = YES;
				CLANG_WARN_UNGUARDED_AVAILABILITY = YES_AGGRESSIVE;
				CLANG_WARN_UNREACHABLE_CODE = YES;
				CLANG_WARN__DUPLICATE_METHOD_MATCH = YES;
				CODE_SIGN_IDENTITY = "iPhone Developer";
				COPY_PHASE_STRIP = NO;
				DEBUG_INFORMATION_FORMAT = dwarf;
				ENABLE_STRICT_OBJC_MSGSEND = YES;
				ENABLE_TESTABILITY = YES;
				GCC_C_LANGUAGE_STANDARD = gnu11;
				GCC_DYNAMIC_NO_PIC = NO;
				GCC_NO_COMMON_BLOCKS = YES;
				GCC_OPTIMIZATION_LEVEL = 0;
				GCC_PREPROCESSOR_DEFINITIONS = (
					"DEBUG=1",
					"$(inherited)",
				);
				GCC_WARN_64_TO_32_BIT_CONVERSION = YES;
				GCC_WARN_ABOUT_RETURN_TYPE = YES_ERROR;
				GCC_WARN_UNDECLARED_SELECTOR = YES;
				GCC_WARN_UNINITIALIZED_AUTOS = YES_AGGRESSIVE;
				GCC_WARN_UNUSED_FUNCTION = YES;
				GCC_WARN_UNUSED_VARIABLE = YES;
				IPHONEOS_DEPLOYMENT_TARGET = 11.4;
				MTL_ENABLE_DEBUG_INFO = YES;
				ONLY_ACTIVE_ARCH = YES;
				SDKROOT = iphoneos;
				SWIFT_ACTIVE_COMPILATION_CONDITIONS = DEBUG;
				SWIFT_OPTIMIZATION_LEVEL = "-Onone";
			};
			name = Debug;
		};
		A753A34420F4EDCD000F6401 /* Release */ = {
			isa = XCBuildConfiguration;
			buildSettings = {
				ALWAYS_SEARCH_USER_PATHS = NO;
				CLANG_ANALYZER_NONNULL = YES;
				CLANG_ANALYZER_NUMBER_OBJECT_CONVERSION = YES_AGGRESSIVE;
				CLANG_CXX_LANGUAGE_STANDARD = "gnu++14";
				CLANG_CXX_LIBRARY = "libc++";
				CLANG_ENABLE_MODULES = YES;
				CLANG_ENABLE_OBJC_ARC = YES;
				CLANG_ENABLE_OBJC_WEAK = YES;
				CLANG_WARN_BLOCK_CAPTURE_AUTORELEASING = YES;
				CLANG_WARN_BOOL_CONVERSION = YES;
				CLANG_WARN_COMMA = YES;
				CLANG_WARN_CONSTANT_CONVERSION = YES;
				CLANG_WARN_DEPRECATED_OBJC_IMPLEMENTATIONS = YES;
				CLANG_WARN_DIRECT_OBJC_ISA_USAGE = YES_ERROR;
				CLANG_WARN_DOCUMENTATION_COMMENTS = YES;
				CLANG_WARN_EMPTY_BODY = YES;
				CLANG_WARN_ENUM_CONVERSION = YES;
				CLANG_WARN_INFINITE_RECURSION = YES;
				CLANG_WARN_INT_CONVERSION = YES;
				CLANG_WARN_NON_LITERAL_NULL_CONVERSION = YES;
				CLANG_WARN_OBJC_IMPLICIT_RETAIN_SELF = YES;
				CLANG_WARN_OBJC_LITERAL_CONVERSION = YES;
				CLANG_WARN_OBJC_ROOT_CLASS = YES_ERROR;
				CLANG_WARN_RANGE_LOOP_ANALYSIS = YES;
				CLANG_WARN_STRICT_PROTOTYPES = YES;
				CLANG_WARN_SUSPICIOUS_MOVE = YES;
				CLANG_WARN_UNGUARDED_AVAILABILITY = YES_AGGRESSIVE;
				CLANG_WARN_UNREACHABLE_CODE = YES;
				CLANG_WARN__DUPLICATE_METHOD_MATCH = YES;
				CODE_SIGN_IDENTITY = "iPhone Developer";
				COPY_PHASE_STRIP = NO;
				DEBUG_INFORMATION_FORMAT = "dwarf-with-dsym";
				ENABLE_NS_ASSERTIONS = NO;
				ENABLE_STRICT_OBJC_MSGSEND = YES;
				GCC_C_LANGUAGE_STANDARD = gnu11;
				GCC_NO_COMMON_BLOCKS = YES;
				GCC_WARN_64_TO_32_BIT_CONVERSION = YES;
				GCC_WARN_ABOUT_RETURN_TYPE = YES_ERROR;
				GCC_WARN_UNDECLARED_SELECTOR = YES;
				GCC_WARN_UNINITIALIZED_AUTOS = YES_AGGRESSIVE;
				GCC_WARN_UNUSED_FUNCTION = YES;
				GCC_WARN_UNUSED_VARIABLE = YES;
				IPHONEOS_DEPLOYMENT_TARGET = 11.4;
				MTL_ENABLE_DEBUG_INFO = NO;
				SDKROOT = iphoneos;
				SWIFT_COMPILATION_MODE = wholemodule;
				SWIFT_OPTIMIZATION_LEVEL = "-O";
				VALIDATE_PRODUCT = YES;
			};
			name = Release;
		};
		A753A34620F4EDCD000F6401 /* Debug */ = {
			isa = XCBuildConfiguration;
			baseConfigurationReference = 1D0E1017075FD75B7AF2160A /* Pods-cinemov.debug.xcconfig */;
			buildSettings = {
				ASSETCATALOG_COMPILER_APPICON_NAME = AppIcon;
				CODE_SIGN_STYLE = Automatic;
				INFOPLIST_FILE = cinemov/Info.plist;
				LD_RUNPATH_SEARCH_PATHS = (
					"$(inherited)",
					"@executable_path/Frameworks",
				);
				PRODUCT_BUNDLE_IDENTIFIER = com.cinemov.cinemov;
				PRODUCT_NAME = "$(TARGET_NAME)";
				SWIFT_VERSION = 4.0;
				TARGETED_DEVICE_FAMILY = "1,2";
			};
			name = Debug;
		};
		A753A34720F4EDCD000F6401 /* Release */ = {
			isa = XCBuildConfiguration;
			baseConfigurationReference = 1B69910C4913120725CCFBA6 /* Pods-cinemov.release.xcconfig */;
			buildSettings = {
				ASSETCATALOG_COMPILER_APPICON_NAME = AppIcon;
				CODE_SIGN_STYLE = Automatic;
				INFOPLIST_FILE = cinemov/Info.plist;
				LD_RUNPATH_SEARCH_PATHS = (
					"$(inherited)",
					"@executable_path/Frameworks",
				);
				PRODUCT_BUNDLE_IDENTIFIER = com.cinemov.cinemov;
				PRODUCT_NAME = "$(TARGET_NAME)";
				SWIFT_VERSION = 4.0;
				TARGETED_DEVICE_FAMILY = "1,2";
			};
			name = Release;
		};
		A753A34920F4EDCD000F6401 /* Debug */ = {
			isa = XCBuildConfiguration;
			baseConfigurationReference = BEA5AAD7B9EE63C95C75BA90 /* Pods-cinemovTests.debug.xcconfig */;
			buildSettings = {
				ALWAYS_EMBED_SWIFT_STANDARD_LIBRARIES = YES;
				BUNDLE_LOADER = "$(TEST_HOST)";
				CODE_SIGN_STYLE = Automatic;
				INFOPLIST_FILE = cinemovTests/Info.plist;
				LD_RUNPATH_SEARCH_PATHS = (
					"$(inherited)",
					"@executable_path/Frameworks",
					"@loader_path/Frameworks",
				);
				PRODUCT_BUNDLE_IDENTIFIER = com.cinemov.cinemovTests;
				PRODUCT_NAME = "$(TARGET_NAME)";
				SWIFT_VERSION = 4.0;
				TARGETED_DEVICE_FAMILY = "1,2";
				TEST_HOST = "$(BUILT_PRODUCTS_DIR)/cinemov.app/cinemov";
			};
			name = Debug;
		};
		A753A34A20F4EDCD000F6401 /* Release */ = {
			isa = XCBuildConfiguration;
			baseConfigurationReference = 45B821257BA5F05BC9EB3495 /* Pods-cinemovTests.release.xcconfig */;
			buildSettings = {
				ALWAYS_EMBED_SWIFT_STANDARD_LIBRARIES = YES;
				BUNDLE_LOADER = "$(TEST_HOST)";
				CODE_SIGN_STYLE = Automatic;
				INFOPLIST_FILE = cinemovTests/Info.plist;
				LD_RUNPATH_SEARCH_PATHS = (
					"$(inherited)",
					"@executable_path/Frameworks",
					"@loader_path/Frameworks",
				);
				PRODUCT_BUNDLE_IDENTIFIER = com.cinemov.cinemovTests;
				PRODUCT_NAME = "$(TARGET_NAME)";
				SWIFT_VERSION = 4.0;
				TARGETED_DEVICE_FAMILY = "1,2";
				TEST_HOST = "$(BUILT_PRODUCTS_DIR)/cinemov.app/cinemov";
			};
			name = Release;
		};
		A753A34C20F4EDCD000F6401 /* Debug */ = {
			isa = XCBuildConfiguration;
			buildSettings = {
				ALWAYS_EMBED_SWIFT_STANDARD_LIBRARIES = YES;
				CODE_SIGN_STYLE = Automatic;
				INFOPLIST_FILE = cinemovUITests/Info.plist;
				LD_RUNPATH_SEARCH_PATHS = (
					"$(inherited)",
					"@executable_path/Frameworks",
					"@loader_path/Frameworks",
				);
				PRODUCT_BUNDLE_IDENTIFIER = com.cinemov.cinemovUITests;
				PRODUCT_NAME = "$(TARGET_NAME)";
				SWIFT_VERSION = 4.0;
				TARGETED_DEVICE_FAMILY = "1,2";
				TEST_TARGET_NAME = cinemov;
			};
			name = Debug;
		};
		A753A34D20F4EDCD000F6401 /* Release */ = {
			isa = XCBuildConfiguration;
			buildSettings = {
				ALWAYS_EMBED_SWIFT_STANDARD_LIBRARIES = YES;
				CODE_SIGN_STYLE = Automatic;
				INFOPLIST_FILE = cinemovUITests/Info.plist;
				LD_RUNPATH_SEARCH_PATHS = (
					"$(inherited)",
					"@executable_path/Frameworks",
					"@loader_path/Frameworks",
				);
				PRODUCT_BUNDLE_IDENTIFIER = com.cinemov.cinemovUITests;
				PRODUCT_NAME = "$(TARGET_NAME)";
				SWIFT_VERSION = 4.0;
				TARGETED_DEVICE_FAMILY = "1,2";
				TEST_TARGET_NAME = cinemov;
			};
			name = Release;
		};
/* End XCBuildConfiguration section */

/* Begin XCConfigurationList section */
		A753A31820F4EDC9000F6401 /* Build configuration list for PBXProject "cinemov" */ = {
			isa = XCConfigurationList;
			buildConfigurations = (
				A753A34320F4EDCD000F6401 /* Debug */,
				A753A34420F4EDCD000F6401 /* Release */,
			);
			defaultConfigurationIsVisible = 0;
			defaultConfigurationName = Release;
		};
		A753A34520F4EDCD000F6401 /* Build configuration list for PBXNativeTarget "cinemov" */ = {
			isa = XCConfigurationList;
			buildConfigurations = (
				A753A34620F4EDCD000F6401 /* Debug */,
				A753A34720F4EDCD000F6401 /* Release */,
			);
			defaultConfigurationIsVisible = 0;
			defaultConfigurationName = Release;
		};
		A753A34820F4EDCD000F6401 /* Build configuration list for PBXNativeTarget "cinemovTests" */ = {
			isa = XCConfigurationList;
			buildConfigurations = (
				A753A34920F4EDCD000F6401 /* Debug */,
				A753A34A20F4EDCD000F6401 /* Release */,
			);
			defaultConfigurationIsVisible = 0;
			defaultConfigurationName = Release;
		};
		A753A34B20F4EDCD000F6401 /* Build configuration list for PBXNativeTarget "cinemovUITests" */ = {
			isa = XCConfigurationList;
			buildConfigurations = (
				A753A34C20F4EDCD000F6401 /* Debug */,
				A753A34D20F4EDCD000F6401 /* Release */,
			);
			defaultConfigurationIsVisible = 0;
			defaultConfigurationName = Release;
		};
/* End XCConfigurationList section */
	};
	rootObject = A753A31520F4EDC9000F6401 /* Project object */;
}
